<?xml version="1.0" encoding="utf-8"?>
<Project ToolsVersion="4.0" xmlns="http://schemas.microsoft.com/developer/msbuild/2003">
  <ItemGroup>
    <ClInclude Include="02\global.hpp" />
    <ClInclude Include="08\src\application.h" />
    <ClInclude Include="08\src\mass.h" />
    <ClInclude Include="08\src\rope.h" />
    <ClInclude Include="08\src\spring.h" />
    <ClInclude Include="08\src\xgetopt.h" />
  </ItemGroup>
  <ItemGroup>
    <ClCompile Include="08\src\application.cpp" />
    <ClCompile Include="08\src\main.cpp" />
    <ClCompile Include="08\src\rope.cpp" />
    <ClCompile Include="08\src\xgetopt.c" />
  </ItemGroup>
  <ItemGroup>
    <Text Include="08\src\CMakeLists.txt" />
  </ItemGroup>
</Project>